
Microsoft Visual Studio Solution File, Format Version 12.00
# Visual Studio Version 17
VisualStudioVersion = 17.9.34622.214
MinimumVisualStudioVersion = 10.0.40219.1
Project("{930C7802-8A8C-48F9-8165-68863BCCD9DD}") = "HelloWix", "HelloWix.wixproj", "{F70BCD06-3FF6-408A-A2AD-933FE0E4DBB5}"
EndProject
Project("{FAE04EC0-301F-11D3-BF4B-00C04F79EFBC}") = "MyApp", "..\MyApp\MyApp.csproj", "{F0EF9EE1-F204-40FA-A291-A9EF61823303}"
EndProject
Project("{930C7802-8A8C-48F9-8165-68863BCCD9DD}") = "Bootstrapper", "..\Bootstrapper\Bootstrapper.wixproj", "{223A5B09-CA1B-4C11-AC4A-41E7AA5536EA}"
EndProject
Global
	GlobalSection(SolutionConfigurationPlatforms) = preSolution
		Debug|Any CPU = Debug|Any CPU
		Debug|x86 = Debug|x86
		Release|Any CPU = Release|Any CPU
		Release|x86 = Release|x86
	EndGlobalSection
	GlobalSection(ProjectConfigurationPlatforms) = postSolution
		{F70BCD06-3FF6-408A-A2AD-933FE0E4DBB5}.Debug|Any CPU.ActiveCfg = Debug|x86
		{F70BCD06-3FF6-408A-A2AD-933FE0E4DBB5}.Debug|Any CPU.Build.0 = Debug|x86
		{F70BCD06-3FF6-408A-A2AD-933FE0E4DBB5}.Debug|x86.ActiveCfg = Debug|x86
		{F70BCD06-3FF6-408A-A2AD-933FE0E4DBB5}.Debug|x86.Build.0 = Debug|x86
		{F70BCD06-3FF6-408A-A2AD-933FE0E4DBB5}.Release|Any CPU.ActiveCfg = Release|x86
		{F70BCD06-3FF6-408A-A2AD-933FE0E4DBB5}.Release|Any CPU.Build.0 = Release|x86
		{F70BCD06-3FF6-408A-A2AD-933FE0E4DBB5}.Release|x86.ActiveCfg = Release|x86
		{F70BCD06-3FF6-408A-A2AD-933FE0E4DBB5}.Release|x86.Build.0 = Release|x86
		{F0EF9EE1-F204-40FA-A291-A9EF61823303}.Debug|Any CPU.ActiveCfg = Debug|Any CPU
		{F0EF9EE1-F204-40FA-A291-A9EF61823303}.Debug|Any CPU.Build.0 = Debug|Any CPU
		{F0EF9EE1-F204-40FA-A291-A9EF61823303}.Debug|x86.ActiveCfg = Debug|Any CPU
		{F0EF9EE1-F204-40FA-A291-A9EF61823303}.Debug|x86.Build.0 = Debug|Any CPU
		{F0EF9EE1-F204-40FA-A291-A9EF61823303}.Release|Any CPU.ActiveCfg = Release|Any CPU
		{F0EF9EE1-F204-40FA-A291-A9EF61823303}.Release|Any CPU.Build.0 = Release|Any CPU
		{F0EF9EE1-F204-40FA-A291-A9EF61823303}.Release|x86.ActiveCfg = Release|Any CPU
		{F0EF9EE1-F204-40FA-A291-A9EF61823303}.Release|x86.Build.0 = Release|Any CPU
		{223A5B09-CA1B-4C11-AC4A-41E7AA5536EA}.Debug|Any CPU.ActiveCfg = Debug|x86
		{223A5B09-CA1B-4C11-AC4A-41E7AA5536EA}.Debug|Any CPU.Build.0 = Debug|x86
		{223A5B09-CA1B-4C11-AC4A-41E7AA5536EA}.Debug|x86.ActiveCfg = Debug|x86
		{223A5B09-CA1B-4C11-AC4A-41E7AA5536EA}.Debug|x86.Build.0 = Debug|x86
		{223A5B09-CA1B-4C11-AC4A-41E7AA5536EA}.Release|Any CPU.ActiveCfg = Release|x86
		{223A5B09-CA1B-4C11-AC4A-41E7AA5536EA}.Release|Any CPU.Build.0 = Release|x86
		{223A5B09-CA1B-4C11-AC4A-41E7AA5536EA}.Release|x86.ActiveCfg = Release|x86
		{223A5B09-CA1B-4C11-AC4A-41E7AA5536EA}.Release|x86.Build.0 = Release|x86
	EndGlobalSection
	GlobalSection(SolutionProperties) = preSolution
		HideSolutionNode = FALSE
	EndGlobalSection
	GlobalSection(ExtensibilityGlobals) = postSolution
		SolutionGuid = {8E8BF8EF-5B70-42C4-A0D4-ACD90B5635CE}
	EndGlobalSection
EndGlobal
